{
    "_readme": [
        "This file locks the dependencies of your project to a known state",
        "Read more about it at https://getcomposer.org/doc/01-basic-usage.md#installing-dependencies",
        "This file is @generated automatically"
    ],
    "content-hash": "d36c181c9c0396c96bf43a5ff5734f5a",
    "packages": [
        {
            "name": "composer/installers",
            "version": "v1.11.0",
            "source": {
                "type": "git",
                "url": "https://github.com/composer/installers.git",
                "reference": "ae03311f45dfe194412081526be2e003960df74b"
            },
            "dist": {
                "type": "zip",
                "url": "https://api.github.com/repos/composer/installers/zipball/ae03311f45dfe194412081526be2e003960df74b",
                "reference": "ae03311f45dfe194412081526be2e003960df74b",
                "shasum": ""
            },
            "require": {
                "composer-plugin-api": "^1.0 || ^2.0"
            },
            "replace": {
                "roundcube/plugin-installer": "*",
                "shama/baton": "*"
            },
            "require-dev": {
                "composer/composer": "1.6.* || ^2.0",
                "composer/semver": "^1 || ^3",
                "phpstan/phpstan": "^0.12.55",
                "phpstan/phpstan-phpunit": "^0.12.16",
                "symfony/phpunit-bridge": "^4.2 || ^5",
                "symfony/process": "^2.3"
            },
            "type": "composer-plugin",
            "extra": {
                "class": "Composer\\Installers\\Plugin",
                "branch-alias": {
                    "dev-main": "1.x-dev"
                }
            },
            "autoload": {
                "psr-4": {
                    "Composer\\Installers\\": "src/Composer/Installers"
                }
            },
            "notification-url": "https://packagist.org/downloads/",
            "license": [
                "MIT"
            ],
            "authors": [
                {
                    "name": "Kyle Robinson Young",
                    "email": "kyle@dontkry.com",
                    "homepage": "https://github.com/shama"
                }
            ],
            "description": "A multi-framework Composer library installer",
            "homepage": "https://composer.github.io/installers/",
            "keywords": [
                "Craft",
                "Dolibarr",
                "Eliasis",
                "Hurad",
                "ImageCMS",
                "Kanboard",
                "Lan Management System",
                "MODX Evo",
                "MantisBT",
                "Mautic",
                "Maya",
                "OXID",
                "Plentymarkets",
                "Porto",
                "RadPHP",
                "SMF",
                "Starbug",
                "Thelia",
                "Whmcs",
                "WolfCMS",
                "agl",
                "aimeos",
                "annotatecms",
                "attogram",
                "bitrix",
                "cakephp",
                "chef",
                "cockpit",
                "codeigniter",
                "concrete5",
                "croogo",
                "dokuwiki",
                "drupal",
                "eZ Platform",
                "elgg",
                "expressionengine",
                "fuelphp",
                "grav",
                "installer",
                "itop",
                "joomla",
                "known",
                "kohana",
                "laravel",
                "lavalite",
                "lithium",
                "magento",
                "majima",
                "mako",
                "mediawiki",
                "miaoxing",
                "modulework",
                "modx",
                "moodle",
                "osclass",
                "phpbb",
                "piwik",
                "ppi",
                "processwire",
                "puppet",
                "pxcms",
                "reindex",
                "roundcube",
                "shopware",
                "silverstripe",
                "sydes",
                "sylius",
                "symfony",
                "tastyigniter",
                "typo3",
                "wordpress",
                "yawik",
                "zend",
                "zikula"
            ],
            "support": {
                "issues": "https://github.com/composer/installers/issues",
                "source": "https://github.com/composer/installers/tree/v1.11.0"
            },
            "funding": [
                {
                    "url": "https://packagist.com",
                    "type": "custom"
                },
                {
                    "url": "https://github.com/composer",
                    "type": "github"
                },
                {
                    "url": "https://tidelift.com/funding/github/packagist/composer/composer",
                    "type": "tidelift"
                }
            ],
            "time": "2021-04-28T06:42:17+00:00"
        },
        {
            "name": "jewmich/jewmich_sidebar",
            "version": "1.1.0",
            "source": {
                "type": "git",
                "url": "https://github.com/jewmich/jewmich_sidebar.git",
                "reference": "de68d486421c52c1bd62e3cee800e1db55d36407"
            },
            "dist": {
                "type": "zip",
                "url": "https://api.github.com/repos/jewmich/jewmich_sidebar/zipball/de68d486421c52c1bd62e3cee800e1db55d36407",
                "reference": "de68d486421c52c1bd62e3cee800e1db55d36407",
                "shasum": ""
            },
            "require": {
                "composer/installers": "^1.0",
                "php": ">=5.3.2"
            },
            "type": "wordpress-plugin",
            "license": [
                "MIT"
            ],
            "authors": [
                {
                    "name": "Mason Malone",
                    "email": "mason.malone@gmail.com",
                    "homepage": "http://masonm.org"
                }
            ],
            "description": "Sidebar for jewmich.com",
            "homepage": "https://github.com/jewmich/jewmich_sidebar",
            "support": {
                "source": "https://github.com/jewmich/jewmich_sidebar/tree/1.1.0",
                "issues": "https://github.com/jewmich/jewmich_sidebar/issues"
            },
            "time": "2017-06-05T03:40:45+00:00"
        },
        {
            "name": "wpackagist-plugin/all-in-one-wp-security-and-firewall",
            "version": "4.4.9",
            "source": {
                "type": "svn",
                "url": "https://plugins.svn.wordpress.org/all-in-one-wp-security-and-firewall/",
                "reference": "trunk"
            },
            "dist": {
                "type": "zip",
                "url": "https://downloads.wordpress.org/plugin/all-in-one-wp-security-and-firewall.zip?timestamp=1626741605"
            },
            "require": {
                "composer/installers": "~1.0"
            },
            "type": "wordpress-plugin",
            "homepage": "https://wordpress.org/plugins/all-in-one-wp-security-and-firewall/"
        },
        {
            "name": "wpackagist-plugin/debug-this",
            "version": "0.6.3",
            "source": {
                "type": "svn",
                "url": "https://plugins.svn.wordpress.org/debug-this/",
                "reference": "tags/0.6.3"
            },
            "dist": {
                "type": "zip",
                "url": "https://downloads.wordpress.org/plugin/debug-this.0.6.3.zip"
            },
            "require": {
                "composer/installers": "~1.0"
            },
            "type": "wordpress-plugin",
            "homepage": "https://wordpress.org/plugins/debug-this/"
        },
        {
            "name": "wpackagist-plugin/elementor",
            "version": "3.4.2",
            "source": {
                "type": "svn",
                "url": "https://plugins.svn.wordpress.org/elementor/",
                "reference": "tags/3.4.2"
            },
            "dist": {
                "type": "zip",
                "url": "https://downloads.wordpress.org/plugin/elementor.3.4.2.zip"
            },
            "require": {
                "composer/installers": "~1.0"
            },
            "type": "wordpress-plugin",
            "homepage": "https://wordpress.org/plugins/elementor/"
        },
        {
            "name": "wpackagist-plugin/error-log-monitor",
            "version": "1.7",
            "source": {
                "type": "svn",
                "url": "https://plugins.svn.wordpress.org/error-log-monitor/",
                "reference": "tags/1.7"
            },
            "dist": {
                "type": "zip",
                "url": "https://downloads.wordpress.org/plugin/error-log-monitor.1.7.zip"
            },
            "require": {
                "composer/installers": "~1.0"
            },
            "type": "wordpress-plugin",
            "homepage": "https://wordpress.org/plugins/error-log-monitor/"
        },
        {
            "name": "wpackagist-plugin/google-authenticator",
            "version": "0.53",
            "source": {
                "type": "svn",
                "url": "https://plugins.svn.wordpress.org/google-authenticator/",
                "reference": "tags/0.53"
            },
            "dist": {
                "type": "zip",
                "url": "https://downloads.wordpress.org/plugin/google-authenticator.0.53.zip"
            },
            "require": {
                "composer/installers": "~1.0"
            },
            "type": "wordpress-plugin",
            "homepage": "https://wordpress.org/plugins/google-authenticator/"
        },
        {
            "name": "wpackagist-plugin/html-editor-syntax-highlighter",
            "version": "2.4.2",
            "source": {
                "type": "svn",
                "url": "https://plugins.svn.wordpress.org/html-editor-syntax-highlighter/",
                "reference": "tags/2.4.2"
            },
            "dist": {
                "type": "zip",
                "url": "https://downloads.wordpress.org/plugin/html-editor-syntax-highlighter.2.4.2.zip"
            },
            "require": {
                "composer/installers": "~1.0"
            },
            "type": "wordpress-plugin",
            "homepage": "https://wordpress.org/plugins/html-editor-syntax-highlighter/"
        },
        {
            "name": "wpackagist-plugin/ninja-forms",
            "version": "3.5.7",
            "source": {
                "type": "svn",
                "url": "https://plugins.svn.wordpress.org/ninja-forms/",
                "reference": "tags/3.5.7"
            },
            "dist": {
                "type": "zip",
                "url": "https://downloads.wordpress.org/plugin/ninja-forms.3.5.7.zip"
            },
            "require": {
                "composer/installers": "~1.0"
            },
            "type": "wordpress-plugin",
            "homepage": "https://wordpress.org/plugins/ninja-forms/"
        },
        {
            "name": "wpackagist-plugin/unique-headers",
            "version": "1.8.1",
            "source": {
                "type": "svn",
                "url": "https://plugins.svn.wordpress.org/unique-headers/",
                "reference": "tags/1.8.1"
            },
            "dist": {
                "type": "zip",
                "url": "https://downloads.wordpress.org/plugin/unique-headers.1.8.1.zip"
            },
            "require": {
                "composer/installers": "~1.0"
            },
            "type": "wordpress-plugin",
            "homepage": "https://wordpress.org/plugins/unique-headers/"
        },
        {
            "name": "wpackagist-plugin/wp-super-cache",
            "version": "1.7.4",
            "source": {
                "type": "svn",
                "url": "https://plugins.svn.wordpress.org/wp-super-cache/",
                "reference": "tags/1.7.4"
            },
            "dist": {
                "type": "zip",
                "url": "https://downloads.wordpress.org/plugin/wp-super-cache.1.7.4.zip"
            },
            "require": {
                "composer/installers": "~1.0"
            },
            "type": "wordpress-plugin",
            "homepage": "https://wordpress.org/plugins/wp-super-cache/"
        }
    ],
    "packages-dev": [],
    "aliases": [],
    "minimum-stability": "stable",
    "stability-flags": [],
    "prefer-stable": false,
    "prefer-lowest": false,
    "platform": [],
    "platform-dev": [],
    "plugin-api-version": "2.1.0"
}
